
Microsoft Visual Studio Solution File, Format Version 12.00
# Visual Studio Version 16
VisualStudioVersion = 25.0.1705.0
MinimumVisualStudioVersion = 10.0.40219.1
Project("{FAE04EC0-301F-11D3-BF4B-00C04F79EFBC}") = "ComponentInteraction_Events_WithData_MultipleValues", "ComponentInteraction_Events_WithData_MultipleValues.csproj", "{A2356B3C-03E4-4C22-AB38-AFF7239C28B8}"
EndProject
Global
	GlobalSection(SolutionConfigurationPlatforms) = preSolution
		Debug|Any CPU = Debug|Any CPU
		Release|Any CPU = Release|Any CPU
	EndGlobalSection
	GlobalSection(ProjectConfigurationPlatforms) = postSolution
		{A2356B3C-03E4-4C22-AB38-AFF7239C28B8}.Debug|Any CPU.ActiveCfg = Debug|Any CPU
		{A2356B3C-03E4-4C22-AB38-AFF7239C28B8}.Debug|Any CPU.Build.0 = Debug|Any CPU
		{A2356B3C-03E4-4C22-AB38-AFF7239C28B8}.Release|Any CPU.ActiveCfg = Release|Any CPU
		{A2356B3C-03E4-4C22-AB38-AFF7239C28B8}.Release|Any CPU.Build.0 = Release|Any CPU
	EndGlobalSection
	GlobalSection(SolutionProperties) = preSolution
		HideSolutionNode = FALSE
	EndGlobalSection
	GlobalSection(ExtensibilityGlobals) = postSolution
		SolutionGuid = {2071DA48-AAB7-4A9F-8199-428B9E4AD91D}
	EndGlobalSection
EndGlobal
