
Microsoft Visual Studio Solution File, Format Version 12.00
# Visual Studio Version 16
VisualStudioVersion = 25.0.1700.5
MinimumVisualStudioVersion = 10.0.40219.1
Project("{FAE04EC0-301F-11D3-BF4B-00C04F79EFBC}") = "ErrorBoundaries_With_Basics", "ErrorBoundaries_With_Basics.csproj", "{0BFA9536-D704-4DC8-B0BC-7BE11C70C818}"
EndProject
Global
	GlobalSection(SolutionConfigurationPlatforms) = preSolution
		Debug|Any CPU = Debug|Any CPU
		Release|Any CPU = Release|Any CPU
	EndGlobalSection
	GlobalSection(ProjectConfigurationPlatforms) = postSolution
		{0BFA9536-D704-4DC8-B0BC-7BE11C70C818}.Debug|Any CPU.ActiveCfg = Debug|Any CPU
		{0BFA9536-D704-4DC8-B0BC-7BE11C70C818}.Debug|Any CPU.Build.0 = Debug|Any CPU
		{0BFA9536-D704-4DC8-B0BC-7BE11C70C818}.Release|Any CPU.ActiveCfg = Release|Any CPU
		{0BFA9536-D704-4DC8-B0BC-7BE11C70C818}.Release|Any CPU.Build.0 = Release|Any CPU
	EndGlobalSection
	GlobalSection(SolutionProperties) = preSolution
		HideSolutionNode = FALSE
	EndGlobalSection
	GlobalSection(ExtensibilityGlobals) = postSolution
		SolutionGuid = {6E044412-F2DA-4A7B-9C6D-5A076D9D9D32}
	EndGlobalSection
EndGlobal
