
Microsoft Visual Studio Solution File, Format Version 12.00
# Visual Studio Version 17
VisualStudioVersion = 17.11.35219.272
MinimumVisualStudioVersion = 10.0.40219.1
Project("{FAE04EC0-301F-11D3-BF4B-00C04F79EFBC}") = "BlazorApp_Server", "BlazorApp_Server\BlazorApp_Server.csproj", "{8173C5FC-5EA5-4044-AF50-575ABF5139D9}"
EndProject
Global
	GlobalSection(SolutionConfigurationPlatforms) = preSolution
		Debug|Any CPU = Debug|Any CPU
		Release|Any CPU = Release|Any CPU
	EndGlobalSection
	GlobalSection(ProjectConfigurationPlatforms) = postSolution
		{8173C5FC-5EA5-4044-AF50-575ABF5139D9}.Debug|Any CPU.ActiveCfg = Debug|Any CPU
		{8173C5FC-5EA5-4044-AF50-575ABF5139D9}.Debug|Any CPU.Build.0 = Debug|Any CPU
		{8173C5FC-5EA5-4044-AF50-575ABF5139D9}.Release|Any CPU.ActiveCfg = Release|Any CPU
		{8173C5FC-5EA5-4044-AF50-575ABF5139D9}.Release|Any CPU.Build.0 = Release|Any CPU
	EndGlobalSection
	GlobalSection(SolutionProperties) = preSolution
		HideSolutionNode = FALSE
	EndGlobalSection
	GlobalSection(ExtensibilityGlobals) = postSolution
		SolutionGuid = {8F6FFBD1-B810-4F08-B89F-F9C8F73D145B}
	EndGlobalSection
EndGlobal
