
Microsoft Visual Studio Solution File, Format Version 12.00
# Visual Studio Version 17
VisualStudioVersion = 17.11.35219.272
MinimumVisualStudioVersion = 10.0.40219.1
Project("{FAE04EC0-301F-11D3-BF4B-00C04F79EFBC}") = "BlazorApp_Server", "BlazorApp_Server\BlazorApp_Server.csproj", "{C9CBA9B3-9DD0-48E3-B37D-908FD36A5AE3}"
EndProject
Global
	GlobalSection(SolutionConfigurationPlatforms) = preSolution
		Debug|Any CPU = Debug|Any CPU
		Release|Any CPU = Release|Any CPU
	EndGlobalSection
	GlobalSection(ProjectConfigurationPlatforms) = postSolution
		{C9CBA9B3-9DD0-48E3-B37D-908FD36A5AE3}.Debug|Any CPU.ActiveCfg = Debug|Any CPU
		{C9CBA9B3-9DD0-48E3-B37D-908FD36A5AE3}.Debug|Any CPU.Build.0 = Debug|Any CPU
		{C9CBA9B3-9DD0-48E3-B37D-908FD36A5AE3}.Release|Any CPU.ActiveCfg = Release|Any CPU
		{C9CBA9B3-9DD0-48E3-B37D-908FD36A5AE3}.Release|Any CPU.Build.0 = Release|Any CPU
	EndGlobalSection
	GlobalSection(SolutionProperties) = preSolution
		HideSolutionNode = FALSE
	EndGlobalSection
	GlobalSection(ExtensibilityGlobals) = postSolution
		SolutionGuid = {8A45E2F2-86B5-46C9-8B32-F25326C75266}
	EndGlobalSection
EndGlobal
