
Microsoft Visual Studio Solution File, Format Version 12.00
# Visual Studio Version 16
VisualStudioVersion = 25.0.1705.0
MinimumVisualStudioVersion = 10.0.40219.1
Project("{FAE04EC0-301F-11D3-BF4B-00C04F79EFBC}") = "GeolocationDemo", "GeolocationDemo.csproj", "{407B3A5C-73E3-4B78-8289-BA92B67F4D97}"
EndProject
Global
	GlobalSection(SolutionConfigurationPlatforms) = preSolution
		Debug|Any CPU = Debug|Any CPU
		Release|Any CPU = Release|Any CPU
	EndGlobalSection
	GlobalSection(ProjectConfigurationPlatforms) = postSolution
		{407B3A5C-73E3-4B78-8289-BA92B67F4D97}.Debug|Any CPU.ActiveCfg = Debug|Any CPU
		{407B3A5C-73E3-4B78-8289-BA92B67F4D97}.Debug|Any CPU.Build.0 = Debug|Any CPU
		{407B3A5C-73E3-4B78-8289-BA92B67F4D97}.Release|Any CPU.ActiveCfg = Release|Any CPU
		{407B3A5C-73E3-4B78-8289-BA92B67F4D97}.Release|Any CPU.Build.0 = Release|Any CPU
	EndGlobalSection
	GlobalSection(SolutionProperties) = preSolution
		HideSolutionNode = FALSE
	EndGlobalSection
	GlobalSection(ExtensibilityGlobals) = postSolution
		SolutionGuid = {AE1F2D66-3A43-4794-B52C-078271B2DAB3}
	EndGlobalSection
EndGlobal
